
Microsoft Visual Studio Solution File, Format Version 12.00
# Visual Studio 15
VisualStudioVersion = 15.0.26228.4
MinimumVisualStudioVersion = 10.0.40219.1
Project("{FAE04EC0-301F-11D3-BF4B-00C04F79EFBC}") = "InterfaceStubGenerator", "InterfaceStubGenerator\InterfaceStubGenerator.csproj", "{5694F8AD-7A15-4717-B649-1749A311300B}"
EndProject
Project("{2150E333-8FDC-42A3-9474-1A3956D46DE8}") = "Solution Items", "Solution Items", "{4F1C8991-7097-4471-A9A6-A72005AB594D}"
	ProjectSection(SolutionItems) = preProject
		Rebracer.xml = Rebracer.xml
		Refit\refit.nuspec = Refit\refit.nuspec
		Refit\targets\refit.targets = Refit\targets\refit.targets
	EndProjectSection
EndProject
Project("{2150E333-8FDC-42A3-9474-1A3956D46DE8}") = "Tests", "Tests", "{0E99249A-FB80-4C60-8FD3-13820E853FF7}"
EndProject
Project("{FAE04EC0-301F-11D3-BF4B-00C04F79EFBC}") = "Refit-Tests-Net45", "Refit-Tests\Refit-Tests-Net45.csproj", "{5F52E5C6-9A0B-48B3-AE05-D8CB0B9CC605}"
EndProject
Project("{9A19103F-16F7-4668-BE54-9A1E7A4F7556}") = "Refit", "Refit\Refit.csproj", "{760C3707-7286-4EB5-8FAB-7F0328039EC6}"
EndProject
Project("{9A19103F-16F7-4668-BE54-9A1E7A4F7556}") = "Refit-Tests", "Refit-Tests\Refit-Tests.csproj", "{CA6FC2DD-8922-4A53-8FF1-C8467FCAF117}"
EndProject
Global
	GlobalSection(SolutionConfigurationPlatforms) = preSolution
		CodeAnalysis|Any CPU = CodeAnalysis|Any CPU
		CodeAnalysis|ARM = CodeAnalysis|ARM
		CodeAnalysis|x64 = CodeAnalysis|x64
		CodeAnalysis|x86 = CodeAnalysis|x86
		CodeCoverage|Any CPU = CodeCoverage|Any CPU
		CodeCoverage|ARM = CodeCoverage|ARM
		CodeCoverage|x64 = CodeCoverage|x64
		CodeCoverage|x86 = CodeCoverage|x86
		Debug|Any CPU = Debug|Any CPU
		Debug|ARM = Debug|ARM
		Debug|x64 = Debug|x64
		Debug|x86 = Debug|x86
		Release|Any CPU = Release|Any CPU
		Release|ARM = Release|ARM
		Release|x64 = Release|x64
		Release|x86 = Release|x86
	EndGlobalSection
	GlobalSection(ProjectConfigurationPlatforms) = postSolution
		{5694F8AD-7A15-4717-B649-1749A311300B}.CodeAnalysis|Any CPU.ActiveCfg = Release|Any CPU
		{5694F8AD-7A15-4717-B649-1749A311300B}.CodeAnalysis|Any CPU.Build.0 = Release|Any CPU
		{5694F8AD-7A15-4717-B649-1749A311300B}.CodeAnalysis|ARM.ActiveCfg = Release|Any CPU
		{5694F8AD-7A15-4717-B649-1749A311300B}.CodeAnalysis|ARM.Build.0 = Release|Any CPU
		{5694F8AD-7A15-4717-B649-1749A311300B}.CodeAnalysis|x64.ActiveCfg = Release|Any CPU
		{5694F8AD-7A15-4717-B649-1749A311300B}.CodeAnalysis|x64.Build.0 = Release|Any CPU
		{5694F8AD-7A15-4717-B649-1749A311300B}.CodeAnalysis|x86.ActiveCfg = Release|Any CPU
		{5694F8AD-7A15-4717-B649-1749A311300B}.CodeAnalysis|x86.Build.0 = Release|Any CPU
		{5694F8AD-7A15-4717-B649-1749A311300B}.CodeCoverage|Any CPU.ActiveCfg = Release|Any CPU
		{5694F8AD-7A15-4717-B649-1749A311300B}.CodeCoverage|Any CPU.Build.0 = Release|Any CPU
		{5694F8AD-7A15-4717-B649-1749A311300B}.CodeCoverage|ARM.ActiveCfg = Release|Any CPU
		{5694F8AD-7A15-4717-B649-1749A311300B}.CodeCoverage|ARM.Build.0 = Release|Any CPU
		{5694F8AD-7A15-4717-B649-1749A311300B}.CodeCoverage|x64.ActiveCfg = Release|Any CPU
		{5694F8AD-7A15-4717-B649-1749A311300B}.CodeCoverage|x64.Build.0 = Release|Any CPU
		{5694F8AD-7A15-4717-B649-1749A311300B}.CodeCoverage|x86.ActiveCfg = Release|Any CPU
		{5694F8AD-7A15-4717-B649-1749A311300B}.CodeCoverage|x86.Build.0 = Release|Any CPU
		{5694F8AD-7A15-4717-B649-1749A311300B}.Debug|Any CPU.ActiveCfg = Debug|Any CPU
		{5694F8AD-7A15-4717-B649-1749A311300B}.Debug|Any CPU.Build.0 = Debug|Any CPU
		{5694F8AD-7A15-4717-B649-1749A311300B}.Debug|ARM.ActiveCfg = Debug|Any CPU
		{5694F8AD-7A15-4717-B649-1749A311300B}.Debug|x64.ActiveCfg = Debug|Any CPU
		{5694F8AD-7A15-4717-B649-1749A311300B}.Debug|x86.ActiveCfg = Debug|Any CPU
		{5694F8AD-7A15-4717-B649-1749A311300B}.Release|Any CPU.ActiveCfg = Release|Any CPU
		{5694F8AD-7A15-4717-B649-1749A311300B}.Release|Any CPU.Build.0 = Release|Any CPU
		{5694F8AD-7A15-4717-B649-1749A311300B}.Release|ARM.ActiveCfg = Release|Any CPU
		{5694F8AD-7A15-4717-B649-1749A311300B}.Release|x64.ActiveCfg = Release|Any CPU
		{5694F8AD-7A15-4717-B649-1749A311300B}.Release|x86.ActiveCfg = Release|Any CPU
		{5F52E5C6-9A0B-48B3-AE05-D8CB0B9CC605}.CodeAnalysis|Any CPU.ActiveCfg = Release|Any CPU
		{5F52E5C6-9A0B-48B3-AE05-D8CB0B9CC605}.CodeAnalysis|Any CPU.Build.0 = Release|Any CPU
		{5F52E5C6-9A0B-48B3-AE05-D8CB0B9CC605}.CodeAnalysis|ARM.ActiveCfg = Release|Any CPU
		{5F52E5C6-9A0B-48B3-AE05-D8CB0B9CC605}.CodeAnalysis|ARM.Build.0 = Release|Any CPU
		{5F52E5C6-9A0B-48B3-AE05-D8CB0B9CC605}.CodeAnalysis|x64.ActiveCfg = Release|Any CPU
		{5F52E5C6-9A0B-48B3-AE05-D8CB0B9CC605}.CodeAnalysis|x64.Build.0 = Release|Any CPU
		{5F52E5C6-9A0B-48B3-AE05-D8CB0B9CC605}.CodeAnalysis|x86.ActiveCfg = Release|Any CPU
		{5F52E5C6-9A0B-48B3-AE05-D8CB0B9CC605}.CodeAnalysis|x86.Build.0 = Release|Any CPU
		{5F52E5C6-9A0B-48B3-AE05-D8CB0B9CC605}.CodeCoverage|Any CPU.ActiveCfg = Release|Any CPU
		{5F52E5C6-9A0B-48B3-AE05-D8CB0B9CC605}.CodeCoverage|Any CPU.Build.0 = Release|Any CPU
		{5F52E5C6-9A0B-48B3-AE05-D8CB0B9CC605}.CodeCoverage|ARM.ActiveCfg = Release|Any CPU
		{5F52E5C6-9A0B-48B3-AE05-D8CB0B9CC605}.CodeCoverage|ARM.Build.0 = Release|Any CPU
		{5F52E5C6-9A0B-48B3-AE05-D8CB0B9CC605}.CodeCoverage|x64.ActiveCfg = Release|Any CPU
		{5F52E5C6-9A0B-48B3-AE05-D8CB0B9CC605}.CodeCoverage|x64.Build.0 = Release|Any CPU
		{5F52E5C6-9A0B-48B3-AE05-D8CB0B9CC605}.CodeCoverage|x86.ActiveCfg = Release|Any CPU
		{5F52E5C6-9A0B-48B3-AE05-D8CB0B9CC605}.CodeCoverage|x86.Build.0 = Release|Any CPU
		{5F52E5C6-9A0B-48B3-AE05-D8CB0B9CC605}.Debug|Any CPU.ActiveCfg = Debug|Any CPU
		{5F52E5C6-9A0B-48B3-AE05-D8CB0B9CC605}.Debug|Any CPU.Build.0 = Debug|Any CPU
		{5F52E5C6-9A0B-48B3-AE05-D8CB0B9CC605}.Debug|ARM.ActiveCfg = Debug|Any CPU
		{5F52E5C6-9A0B-48B3-AE05-D8CB0B9CC605}.Debug|ARM.Build.0 = Debug|Any CPU
		{5F52E5C6-9A0B-48B3-AE05-D8CB0B9CC605}.Debug|x64.ActiveCfg = Debug|Any CPU
		{5F52E5C6-9A0B-48B3-AE05-D8CB0B9CC605}.Debug|x64.Build.0 = Debug|Any CPU
		{5F52E5C6-9A0B-48B3-AE05-D8CB0B9CC605}.Debug|x86.ActiveCfg = Debug|Any CPU
		{5F52E5C6-9A0B-48B3-AE05-D8CB0B9CC605}.Debug|x86.Build.0 = Debug|Any CPU
		{5F52E5C6-9A0B-48B3-AE05-D8CB0B9CC605}.Release|Any CPU.ActiveCfg = Release|Any CPU
		{5F52E5C6-9A0B-48B3-AE05-D8CB0B9CC605}.Release|Any CPU.Build.0 = Release|Any CPU
		{5F52E5C6-9A0B-48B3-AE05-D8CB0B9CC605}.Release|ARM.ActiveCfg = Release|Any CPU
		{5F52E5C6-9A0B-48B3-AE05-D8CB0B9CC605}.Release|ARM.Build.0 = Release|Any CPU
		{5F52E5C6-9A0B-48B3-AE05-D8CB0B9CC605}.Release|x64.ActiveCfg = Release|Any CPU
		{5F52E5C6-9A0B-48B3-AE05-D8CB0B9CC605}.Release|x64.Build.0 = Release|Any CPU
		{5F52E5C6-9A0B-48B3-AE05-D8CB0B9CC605}.Release|x86.ActiveCfg = Release|Any CPU
		{5F52E5C6-9A0B-48B3-AE05-D8CB0B9CC605}.Release|x86.Build.0 = Release|Any CPU
		{760C3707-7286-4EB5-8FAB-7F0328039EC6}.CodeAnalysis|Any CPU.ActiveCfg = Release|Any CPU
		{760C3707-7286-4EB5-8FAB-7F0328039EC6}.CodeAnalysis|Any CPU.Build.0 = Release|Any CPU
		{760C3707-7286-4EB5-8FAB-7F0328039EC6}.CodeAnalysis|ARM.ActiveCfg = Release|Any CPU
		{760C3707-7286-4EB5-8FAB-7F0328039EC6}.CodeAnalysis|ARM.Build.0 = Release|Any CPU
		{760C3707-7286-4EB5-8FAB-7F0328039EC6}.CodeAnalysis|x64.ActiveCfg = Release|Any CPU
		{760C3707-7286-4EB5-8FAB-7F0328039EC6}.CodeAnalysis|x64.Build.0 = Release|Any CPU
		{760C3707-7286-4EB5-8FAB-7F0328039EC6}.CodeAnalysis|x86.ActiveCfg = Release|Any CPU
		{760C3707-7286-4EB5-8FAB-7F0328039EC6}.CodeAnalysis|x86.Build.0 = Release|Any CPU
		{760C3707-7286-4EB5-8FAB-7F0328039EC6}.CodeCoverage|Any CPU.ActiveCfg = Release|Any CPU
		{760C3707-7286-4EB5-8FAB-7F0328039EC6}.CodeCoverage|Any CPU.Build.0 = Release|Any CPU
		{760C3707-7286-4EB5-8FAB-7F0328039EC6}.CodeCoverage|ARM.ActiveCfg = Release|Any CPU
		{760C3707-7286-4EB5-8FAB-7F0328039EC6}.CodeCoverage|ARM.Build.0 = Release|Any CPU
		{760C3707-7286-4EB5-8FAB-7F0328039EC6}.CodeCoverage|x64.ActiveCfg = Release|Any CPU
		{760C3707-7286-4EB5-8FAB-7F0328039EC6}.CodeCoverage|x64.Build.0 = Release|Any CPU
		{760C3707-7286-4EB5-8FAB-7F0328039EC6}.CodeCoverage|x86.ActiveCfg = Release|Any CPU
		{760C3707-7286-4EB5-8FAB-7F0328039EC6}.CodeCoverage|x86.Build.0 = Release|Any CPU
		{760C3707-7286-4EB5-8FAB-7F0328039EC6}.Debug|Any CPU.ActiveCfg = Debug|Any CPU
		{760C3707-7286-4EB5-8FAB-7F0328039EC6}.Debug|Any CPU.Build.0 = Debug|Any CPU
		{760C3707-7286-4EB5-8FAB-7F0328039EC6}.Debug|ARM.ActiveCfg = Debug|Any CPU
		{760C3707-7286-4EB5-8FAB-7F0328039EC6}.Debug|ARM.Build.0 = Debug|Any CPU
		{760C3707-7286-4EB5-8FAB-7F0328039EC6}.Debug|x64.ActiveCfg = Debug|Any CPU
		{760C3707-7286-4EB5-8FAB-7F0328039EC6}.Debug|x64.Build.0 = Debug|Any CPU
		{760C3707-7286-4EB5-8FAB-7F0328039EC6}.Debug|x86.ActiveCfg = Debug|Any CPU
		{760C3707-7286-4EB5-8FAB-7F0328039EC6}.Debug|x86.Build.0 = Debug|Any CPU
		{760C3707-7286-4EB5-8FAB-7F0328039EC6}.Release|Any CPU.ActiveCfg = Release|Any CPU
		{760C3707-7286-4EB5-8FAB-7F0328039EC6}.Release|Any CPU.Build.0 = Release|Any CPU
		{760C3707-7286-4EB5-8FAB-7F0328039EC6}.Release|ARM.ActiveCfg = Release|Any CPU
		{760C3707-7286-4EB5-8FAB-7F0328039EC6}.Release|ARM.Build.0 = Release|Any CPU
		{760C3707-7286-4EB5-8FAB-7F0328039EC6}.Release|x64.ActiveCfg = Release|Any CPU
		{760C3707-7286-4EB5-8FAB-7F0328039EC6}.Release|x64.Build.0 = Release|Any CPU
		{760C3707-7286-4EB5-8FAB-7F0328039EC6}.Release|x86.ActiveCfg = Release|Any CPU
		{760C3707-7286-4EB5-8FAB-7F0328039EC6}.Release|x86.Build.0 = Release|Any CPU
		{CA6FC2DD-8922-4A53-8FF1-C8467FCAF117}.CodeAnalysis|Any CPU.ActiveCfg = Debug|Any CPU
		{CA6FC2DD-8922-4A53-8FF1-C8467FCAF117}.CodeAnalysis|Any CPU.Build.0 = Debug|Any CPU
		{CA6FC2DD-8922-4A53-8FF1-C8467FCAF117}.CodeAnalysis|ARM.ActiveCfg = Debug|Any CPU
		{CA6FC2DD-8922-4A53-8FF1-C8467FCAF117}.CodeAnalysis|ARM.Build.0 = Debug|Any CPU
		{CA6FC2DD-8922-4A53-8FF1-C8467FCAF117}.CodeAnalysis|x64.ActiveCfg = Debug|Any CPU
		{CA6FC2DD-8922-4A53-8FF1-C8467FCAF117}.CodeAnalysis|x64.Build.0 = Debug|Any CPU
		{CA6FC2DD-8922-4A53-8FF1-C8467FCAF117}.CodeAnalysis|x86.ActiveCfg = Debug|Any CPU
		{CA6FC2DD-8922-4A53-8FF1-C8467FCAF117}.CodeAnalysis|x86.Build.0 = Debug|Any CPU
		{CA6FC2DD-8922-4A53-8FF1-C8467FCAF117}.CodeCoverage|Any CPU.ActiveCfg = Debug|Any CPU
		{CA6FC2DD-8922-4A53-8FF1-C8467FCAF117}.CodeCoverage|Any CPU.Build.0 = Debug|Any CPU
		{CA6FC2DD-8922-4A53-8FF1-C8467FCAF117}.CodeCoverage|ARM.ActiveCfg = Debug|Any CPU
		{CA6FC2DD-8922-4A53-8FF1-C8467FCAF117}.CodeCoverage|ARM.Build.0 = Debug|Any CPU
		{CA6FC2DD-8922-4A53-8FF1-C8467FCAF117}.CodeCoverage|x64.ActiveCfg = Debug|Any CPU
		{CA6FC2DD-8922-4A53-8FF1-C8467FCAF117}.CodeCoverage|x64.Build.0 = Debug|Any CPU
		{CA6FC2DD-8922-4A53-8FF1-C8467FCAF117}.CodeCoverage|x86.ActiveCfg = Debug|Any CPU
		{CA6FC2DD-8922-4A53-8FF1-C8467FCAF117}.CodeCoverage|x86.Build.0 = Debug|Any CPU
		{CA6FC2DD-8922-4A53-8FF1-C8467FCAF117}.Debug|Any CPU.ActiveCfg = Debug|Any CPU
		{CA6FC2DD-8922-4A53-8FF1-C8467FCAF117}.Debug|Any CPU.Build.0 = Debug|Any CPU
		{CA6FC2DD-8922-4A53-8FF1-C8467FCAF117}.Debug|ARM.ActiveCfg = Debug|Any CPU
		{CA6FC2DD-8922-4A53-8FF1-C8467FCAF117}.Debug|ARM.Build.0 = Debug|Any CPU
		{CA6FC2DD-8922-4A53-8FF1-C8467FCAF117}.Debug|x64.ActiveCfg = Debug|Any CPU
		{CA6FC2DD-8922-4A53-8FF1-C8467FCAF117}.Debug|x64.Build.0 = Debug|Any CPU
		{CA6FC2DD-8922-4A53-8FF1-C8467FCAF117}.Debug|x86.ActiveCfg = Debug|Any CPU
		{CA6FC2DD-8922-4A53-8FF1-C8467FCAF117}.Debug|x86.Build.0 = Debug|Any CPU
		{CA6FC2DD-8922-4A53-8FF1-C8467FCAF117}.Release|Any CPU.ActiveCfg = Release|Any CPU
		{CA6FC2DD-8922-4A53-8FF1-C8467FCAF117}.Release|Any CPU.Build.0 = Release|Any CPU
		{CA6FC2DD-8922-4A53-8FF1-C8467FCAF117}.Release|ARM.ActiveCfg = Release|Any CPU
		{CA6FC2DD-8922-4A53-8FF1-C8467FCAF117}.Release|ARM.Build.0 = Release|Any CPU
		{CA6FC2DD-8922-4A53-8FF1-C8467FCAF117}.Release|x64.ActiveCfg = Release|Any CPU
		{CA6FC2DD-8922-4A53-8FF1-C8467FCAF117}.Release|x64.Build.0 = Release|Any CPU
		{CA6FC2DD-8922-4A53-8FF1-C8467FCAF117}.Release|x86.ActiveCfg = Release|Any CPU
		{CA6FC2DD-8922-4A53-8FF1-C8467FCAF117}.Release|x86.Build.0 = Release|Any CPU
	EndGlobalSection
	GlobalSection(SolutionProperties) = preSolution
		HideSolutionNode = FALSE
	EndGlobalSection
	GlobalSection(NestedProjects) = preSolution
		{5F52E5C6-9A0B-48B3-AE05-D8CB0B9CC605} = {0E99249A-FB80-4C60-8FD3-13820E853FF7}
		{CA6FC2DD-8922-4A53-8FF1-C8467FCAF117} = {0E99249A-FB80-4C60-8FD3-13820E853FF7}
	EndGlobalSection
EndGlobal
